// !$*UTF8*$!
{
	archiveVersion = 1;
	classes = {
	};
	objectVersion = 55;
	objects = {

/* Begin PBXBuildFile section */
		3151CE472853EA5D000A4A33 /* shake.swift in Sources */ = {isa = PBXBuildFile; fileRef = 3151CE462853EA5D000A4A33 /* shake.swift */; };
		31A28A9E27D14B980032DD41 /* AppDelegate.swift in Sources */ = {isa = PBXBuildFile; fileRef = 31A28A9D27D14B980032DD41 /* AppDelegate.swift */; };
		31A28AA027D14B980032DD41 /* SceneDelegate.swift in Sources */ = {isa = PBXBuildFile; fileRef = 31A28A9F27D14B980032DD41 /* SceneDelegate.swift */; };
		31A28AA227D14B980032DD41 /* ViewController.swift in Sources */ = {isa = PBXBuildFile; fileRef = 31A28AA127D14B980032DD41 /* ViewController.swift */; };
		31A28AA527D14B980032DD41 /* Main.storyboard in Resources */ = {isa = PBXBuildFile; fileRef = 31A28AA327D14B980032DD41 /* Main.storyboard */; };
		31A28AA727D14B9A0032DD41 /* Assets.xcassets in Resources */ = {isa = PBXBuildFile; fileRef = 31A28AA627D14B9A0032DD41 /* Assets.xcassets */; };
		31A28AAA27D14B9A0032DD41 /* LaunchScreen.storyboard in Resources */ = {isa = PBXBuildFile; fileRef = 31A28AA827D14B9A0032DD41 /* LaunchScreen.storyboard */; };
/* End PBXBuildFile section */

/* Begin PBXFileReference section */
		3151CE462853EA5D000A4A33 /* shake.swift */ = {isa = PBXFileReference; fileEncoding = 4; lastKnownFileType = sourcecode.swift; name = shake.swift; path = ../../../../../../../.Trash/shake.swift; sourceTree = "<group>"; };
		31A28A9A27D14B980032DD41 /* incrementalBoi.app */ = {isa = PBXFileReference; explicitFileType = wrapper.application; includeInIndex = 0; path = incrementalBoi.app; sourceTree = BUILT_PRODUCTS_DIR; };
		31A28A9D27D14B980032DD41 /* AppDelegate.swift */ = {isa = PBXFileReference; lastKnownFileType = sourcecode.swift; path = AppDelegate.swift; sourceTree = "<group>"; };
		31A28A9F27D14B980032DD41 /* SceneDelegate.swift */ = {isa = PBXFileReference; lastKnownFileType = sourcecode.swift; path = SceneDelegate.swift; sourceTree = "<group>"; };
		31A28AA127D14B980032DD41 /* ViewController.swift */ = {isa = PBXFileReference; lastKnownFileType = sourcecode.swift; path = ViewController.swift; sourceTree = "<group>"; };
		31A28AA427D14B980032DD41 /* Base */ = {isa = PBXFileReference; lastKnownFileType = file.storyboard; name = Base; path = Base.lproj/Main.storyboard; sourceTree = "<group>"; };
		31A28AA627D14B9A0032DD41 /* Assets.xcassets */ = {isa = PBXFileReference; lastKnownFileType = folder.assetcatalog; path = Assets.xcassets; sourceTree = "<group>"; };
		31A28AA927D14B9A0032DD41 /* Base */ = {isa = PBXFileReference; lastKnownFileType = file.storyboard; name = Base; path = Base.lproj/LaunchScreen.storyboard; sourceTree = "<group>"; };
		31A28AAB27D14B9A0032DD41 /* Info.plist */ = {isa = PBXFileReference; lastKnownFileType = text.plist.xml; path = Info.plist; sourceTree = "<group>"; };
/* End PBXFileReference section */

/* Begin PBXFrameworksBuildPhase section */
		31A28A9727D14B980032DD41 /* Frameworks */ = {
			isa = PBXFrameworksBuildPhase;
			buildActionMask = 2147483647;
			files = (
			);
			runOnlyForDeploymentPostprocessing = 0;
		};
/* End PBXFrameworksBuildPhase section */

/* Begin PBXGroup section */
		3151CE452853EA4F000A4A33 /* Extensions */ = {
			isa = PBXGroup;
			children = (
				3151CE462853EA5D000A4A33 /* shake.swift */,
			);
			path = Extensions;
			sourceTree = "<group>";
		};
		31A28A9127D14B980032DD41 = {
			isa = PBXGroup;
			children = (
				31A28A9C27D14B980032DD41 /* incrementalBoi */,
				31A28A9B27D14B980032DD41 /* Products */,
			);
			sourceTree = "<group>";
		};
		31A28A9B27D14B980032DD41 /* Products */ = {
			isa = PBXGroup;
			children = (
				31A28A9A27D14B980032DD41 /* incrementalBoi.app */,
			);
			name = Products;
			sourceTree = "<group>";
		};
		31A28A9C27D14B980032DD41 /* incrementalBoi */ = {
			isa = PBXGroup;
			children = (
				3151CE452853EA4F000A4A33 /* Extensions */,
				31A28A9D27D14B980032DD41 /* AppDelegate.swift */,
				31A28A9F27D14B980032DD41 /* SceneDelegate.swift */,
				31A28AA127D14B980032DD41 /* ViewController.swift */,
				31A28AA327D14B980032DD41 /* Main.storyboard */,
				31A28AA627D14B9A0032DD41 /* Assets.xcassets */,
				31A28AA827D14B9A0032DD41 /* LaunchScreen.storyboard */,
				31A28AAB27D14B9A0032DD41 /* Info.plist */,
			);
			path = incrementalBoi;
			sourceTree = "<group>";
		};
/* End PBXGroup section */

/* Begin PBXNativeTarget section */
		31A28A9927D14B980032DD41 /* incrementalBoi */ = {
			isa = PBXNativeTarget;
			buildConfigurationList = 31A28AAE27D14B9A0032DD41 /* Build configuration list for PBXNativeTarget "incrementalBoi" */;
			buildPhases = (
				31A28A9627D14B980032DD41 /* Sources */,
				31A28A9727D14B980032DD41 /* Frameworks */,
				31A28A9827D14B980032DD41 /* Resources */,
			);
			buildRules = (
			);
			dependencies = (
			);
			name = incrementalBoi;
			productName = incrementalBoi;
			productReference = 31A28A9A27D14B980032DD41 /* incrementalBoi.app */;
			productType = "com.apple.product-type.application";
		};
/* End PBXNativeTarget section */

/* Begin PBXProject section */
		31A28A9227D14B980032DD41 /* Project object */ = {
			isa = PBXProject;
			attributes = {
				BuildIndependentTargetsInParallel = 1;
				LastSwiftUpdateCheck = 1320;
				LastUpgradeCheck = 1320;
				TargetAttributes = {
					31A28A9927D14B980032DD41 = {
						CreatedOnToolsVersion = 13.2.1;
					};
				};
			};
			buildConfigurationList = 31A28A9527D14B980032DD41 /* Build configuration list for PBXProject "incrementalBoi" */;
			compatibilityVersion = "Xcode 13.0";
			developmentRegion = en;
			hasScannedForEncodings = 0;
			knownRegions = (
				en,
				Base,
			);
			mainGroup = 31A28A9127D14B980032DD41;
			productRefGroup = 31A28A9B27D14B980032DD41 /* Products */;
			projectDirPath = "";
			projectRoot = "";
			targets = (
				31A28A9927D14B980032DD41 /* incrementalBoi */,
			);
		};
/* End PBXProject section */

/* Begin PBXResourcesBuildPhase section */
		31A28A9827D14B980032DD41 /* Resources */ = {
			isa = PBXResourcesBuildPhase;
			buildActionMask = 2147483647;
			files = (
				31A28AAA27D14B9A0032DD41 /* LaunchScreen.storyboard in Resources */,
				31A28AA727D14B9A0032DD41 /* Assets.xcassets in Resources */,
				31A28AA527D14B980032DD41 /* Main.storyboard in Resources */,
			);
			runOnlyForDeploymentPostprocessing = 0;
		};
/* End PBXResourcesBuildPhase section */

/* Begin PBXSourcesBuildPhase section */
		31A28A9627D14B980032DD41 /* Sources */ = {
			isa = PBXSourcesBuildPhase;
			buildActionMask = 2147483647;
			files = (
				31A28AA227D14B980032DD41 /* ViewController.swift in Sources */,
				31A28A9E27D14B980032DD41 /* AppDelegate.swift in Sources */,
				3151CE472853EA5D000A4A33 /* shake.swift in Sources */,
				31A28AA027D14B980032DD41 /* SceneDelegate.swift in Sources */,
			);
			runOnlyForDeploymentPostprocessing = 0;
		};
/* End PBXSourcesBuildPhase section */

/* Begin PBXVariantGroup section */
		31A28AA327D14B980032DD41 /* Main.storyboard */ = {
			isa = PBXVariantGroup;
			children = (
				31A28AA427D14B980032DD41 /* Base */,
			);
			name = Main.storyboard;
			sourceTree = "<group>";
		};
		31A28AA827D14B9A0032DD41 /* LaunchScreen.storyboard */ = {
			isa = PBXVariantGroup;
			children = (
				31A28AA927D14B9A0032DD41 /* Base */,
			);
			name = LaunchScreen.storyboard;
			sourceTree = "<group>";
		};
/* End PBXVariantGroup section */

/* Begin XCBuildConfiguration section */
		31A28AAC27D14B9A0032DD41 /* Debug */ = {
			isa = XCBuildConfiguration;
			buildSettings = {
				ALWAYS_SEARCH_USER_PATHS = NO;
				CLANG_ANALYZER_NONNULL = YES;
				CLANG_ANALYZER_NUMBER_OBJECT_CONVERSION = YES_AGGRESSIVE;
				CLANG_CXX_LANGUAGE_STANDARD = "gnu++17";
				CLANG_CXX_LIBRARY = "libc++";
				CLANG_ENABLE_MODULES = YES;
				CLANG_ENABLE_OBJC_ARC = YES;
				CLANG_ENABLE_OBJC_WEAK = YES;
				CLANG_WARN_BLOCK_CAPTURE_AUTORELEASING = YES;
				CLANG_WARN_BOOL_CONVERSION = YES;
				CLANG_WARN_COMMA = YES;
				CLANG_WARN_CONSTANT_CONVERSION = YES;
				CLANG_WARN_DEPRECATED_OBJC_IMPLEMENTATIONS = YES;
				CLANG_WARN_DIRECT_OBJC_ISA_USAGE = YES_ERROR;
				CLANG_WARN_DOCUMENTATION_COMMENTS = YES;
				CLANG_WARN_EMPTY_BODY = YES;
				CLANG_WARN_ENUM_CONVERSION = YES;
				CLANG_WARN_INFINITE_RECURSION = YES;
				CLANG_WARN_INT_CONVERSION = YES;
				CLANG_WARN_NON_LITERAL_NULL_CONVERSION = YES;
				CLANG_WARN_OBJC_IMPLICIT_RETAIN_SELF = YES;
				CLANG_WARN_OBJC_LITERAL_CONVERSION = YES;
				CLANG_WARN_OBJC_ROOT_CLASS = YES_ERROR;
				CLANG_WARN_QUOTED_INCLUDE_IN_FRAMEWORK_HEADER = YES;
				CLANG_WARN_RANGE_LOOP_ANALYSIS = YES;
				CLANG_WARN_STRICT_PROTOTYPES = YES;
				CLANG_WARN_SUSPICIOUS_MOVE = YES;
				CLANG_WARN_UNGUARDED_AVAILABILITY = YES_AGGRESSIVE;
				CLANG_WARN_UNREACHABLE_CODE = YES;
				CLANG_WARN__DUPLICATE_METHOD_MATCH = YES;
				COPY_PHASE_STRIP = NO;
				DEBUG_INFORMATION_FORMAT = dwarf;
				ENABLE_STRICT_OBJC_MSGSEND = YES;
				ENABLE_TESTABILITY = YES;
				GCC_C_LANGUAGE_STANDARD = gnu11;
				GCC_DYNAMIC_NO_PIC = NO;
				GCC_NO_COMMON_BLOCKS = YES;
				GCC_OPTIMIZATION_LEVEL = 0;
				GCC_PREPROCESSOR_DEFINITIONS = (
					"DEBUG=1",
					"$(inherited)",
				);
				GCC_WARN_64_TO_32_BIT_CONVERSION = YES;
				GCC_WARN_ABOUT_RETURN_TYPE = YES_ERROR;
				GCC_WARN_UNDECLARED_SELECTOR = YES;
				GCC_WARN_UNINITIALIZED_AUTOS = YES_AGGRESSIVE;
				GCC_WARN_UNUSED_FUNCTION = YES;
				GCC_WARN_UNUSED_VARIABLE = YES;
				IPHONEOS_DEPLOYMENT_TARGET = 15.2;
				MTL_ENABLE_DEBUG_INFO = INCLUDE_SOURCE;
				MTL_FAST_MATH = YES;
				ONLY_ACTIVE_ARCH = YES;
				SDKROOT = iphoneos;
				SWIFT_ACTIVE_COMPILATION_CONDITIONS = DEBUG;
				SWIFT_OPTIMIZATION_LEVEL = "-Onone";
			};
			name = Debug;
		};
		31A28AAD27D14B9A0032DD41 /* Release */ = {
			isa = XCBuildConfiguration;
			buildSettings = {
				ALWAYS_SEARCH_USER_PATHS = NO;
				CLANG_ANALYZER_NONNULL = YES;
				CLANG_ANALYZER_NUMBER_OBJECT_CONVERSION = YES_AGGRESSIVE;
				CLANG_CXX_LANGUAGE_STANDARD = "gnu++17";
				CLANG_CXX_LIBRARY = "libc++";
				CLANG_ENABLE_MODULES = YES;
				CLANG_ENABLE_OBJC_ARC = YES;
				CLANG_ENABLE_OBJC_WEAK = YES;
				CLANG_WARN_BLOCK_CAPTURE_AUTORELEASING = YES;
				CLANG_WARN_BOOL_CONVERSION = YES;
				CLANG_WARN_COMMA = YES;
				CLANG_WARN_CONSTANT_CONVERSION = YES;
				CLANG_WARN_DEPRECATED_OBJC_IMPLEMENTATIONS = YES;
				CLANG_WARN_DIRECT_OBJC_ISA_USAGE = YES_ERROR;
				CLANG_WARN_DOCUMENTATION_COMMENTS = YES;
				CLANG_WARN_EMPTY_BODY = YES;
				CLANG_WARN_ENUM_CONVERSION = YES;
				CLANG_WARN_INFINITE_RECURSION = YES;
				CLANG_WARN_INT_CONVERSION = YES;
				CLANG_WARN_NON_LITERAL_NULL_CONVERSION = YES;
				CLANG_WARN_OBJC_IMPLICIT_RETAIN_SELF = YES;
				CLANG_WARN_OBJC_LITERAL_CONVERSION = YES;
				CLANG_WARN_OBJC_ROOT_CLASS = YES_ERROR;
				CLANG_WARN_QUOTED_INCLUDE_IN_FRAMEWORK_HEADER = YES;
				CLANG_WARN_RANGE_LOOP_ANALYSIS = YES;
				CLANG_WARN_STRICT_PROTOTYPES = YES;
				CLANG_WARN_SUSPICIOUS_MOVE = YES;
				CLANG_WARN_UNGUARDED_AVAILABILITY = YES_AGGRESSIVE;
				CLANG_WARN_UNREACHABLE_CODE = YES;
				CLANG_WARN__DUPLICATE_METHOD_MATCH = YES;
				COPY_PHASE_STRIP = NO;
				DEBUG_INFORMATION_FORMAT = "dwarf-with-dsym";
				ENABLE_NS_ASSERTIONS = NO;
				ENABLE_STRICT_OBJC_MSGSEND = YES;
				GCC_C_LANGUAGE_STANDARD = gnu11;
				GCC_NO_COMMON_BLOCKS = YES;
				GCC_WARN_64_TO_32_BIT_CONVERSION = YES;
				GCC_WARN_ABOUT_RETURN_TYPE = YES_ERROR;
				GCC_WARN_UNDECLARED_SELECTOR = YES;
				GCC_WARN_UNINITIALIZED_AUTOS = YES_AGGRESSIVE;
				GCC_WARN_UNUSED_FUNCTION = YES;
				GCC_WARN_UNUSED_VARIABLE = YES;
				IPHONEOS_DEPLOYMENT_TARGET = 15.2;
				MTL_ENABLE_DEBUG_INFO = NO;
				MTL_FAST_MATH = YES;
				SDKROOT = iphoneos;
				SWIFT_COMPILATION_MODE = wholemodule;
				SWIFT_OPTIMIZATION_LEVEL = "-O";
				VALIDATE_PRODUCT = YES;
			};
			name = Release;
		};
		31A28AAF27D14B9A0032DD41 /* Debug */ = {
			isa = XCBuildConfiguration;
			buildSettings = {
				ASSETCATALOG_COMPILER_APPICON_NAME = AppIcon;
				ASSETCATALOG_COMPILER_GLOBAL_ACCENT_COLOR_NAME = AccentColor;
				CODE_SIGN_STYLE = Automatic;
				CURRENT_PROJECT_VERSION = 1;
				DEVELOPMENT_TEAM = Q489M7V92D;
				GENERATE_INFOPLIST_FILE = YES;
				INFOPLIST_FILE = incrementalBoi/Info.plist;
				INFOPLIST_KEY_CFBundleDisplayName = "Ice Lance Spammer";
				INFOPLIST_KEY_UIApplicationSupportsIndirectInputEvents = YES;
				INFOPLIST_KEY_UILaunchStoryboardName = LaunchScreen;
				INFOPLIST_KEY_UIMainStoryboardFile = Main;
				INFOPLIST_KEY_UISupportedInterfaceOrientations = UIInterfaceOrientationPortrait;
				INFOPLIST_KEY_UISupportedInterfaceOrientations_iPad = "UIInterfaceOrientationPortrait UIInterfaceOrientationPortraitUpsideDown UIInterfaceOrientationLandscapeLeft UIInterfaceOrientationLandscapeRight";
				INFOPLIST_KEY_UISupportedInterfaceOrientations_iPhone = "UIInterfaceOrientationPortrait UIInterfaceOrientationLandscapeLeft UIInterfaceOrientationLandscapeRight";
				LD_RUNPATH_SEARCH_PATHS = (
					"$(inherited)",
					"@executable_path/Frameworks",
				);
				MARKETING_VERSION = 1.0;
				PRODUCT_BUNDLE_IDENTIFIER = com.supercool.iceLanceSpam;
				PRODUCT_NAME = "$(TARGET_NAME)";
				SWIFT_EMIT_LOC_STRINGS = YES;
				SWIFT_VERSION = 5.0;
				TARGETED_DEVICE_FAMILY = "1,2";
			};
			name = Debug;
		};
		31A28AB027D14B9A0032DD41 /* Release */ = {
			isa = XCBuildConfiguration;
			buildSettings = {
				ASSETCATALOG_COMPILER_APPICON_NAME = AppIcon;
				ASSETCATALOG_COMPILER_GLOBAL_ACCENT_COLOR_NAME = AccentColor;
				CODE_SIGN_STYLE = Automatic;
				CURRENT_PROJECT_VERSION = 1;
				DEVELOPMENT_TEAM = Q489M7V92D;
				GENERATE_INFOPLIST_FILE = YES;
				INFOPLIST_FILE = incrementalBoi/Info.plist;
				INFOPLIST_KEY_CFBundleDisplayName = "Ice Lance Spammer";
				INFOPLIST_KEY_UIApplicationSupportsIndirectInputEvents = YES;
				INFOPLIST_KEY_UILaunchStoryboardName = LaunchScreen;
				INFOPLIST_KEY_UIMainStoryboardFile = Main;
				INFOPLIST_KEY_UISupportedInterfaceOrientations = UIInterfaceOrientationPortrait;
				INFOPLIST_KEY_UISupportedInterfaceOrientations_iPad = "UIInterfaceOrientationPortrait UIInterfaceOrientationPortraitUpsideDown UIInterfaceOrientationLandscapeLeft UIInterfaceOrientationLandscapeRight";
				INFOPLIST_KEY_UISupportedInterfaceOrientations_iPhone = "UIInterfaceOrientationPortrait UIInterfaceOrientationLandscapeLeft UIInterfaceOrientationLandscapeRight";
				LD_RUNPATH_SEARCH_PATHS = (
					"$(inherited)",
					"@executable_path/Frameworks",
				);
				MARKETING_VERSION = 1.0;
				PRODUCT_BUNDLE_IDENTIFIER = com.supercool.iceLanceSpam;
				PRODUCT_NAME = "$(TARGET_NAME)";
				SWIFT_EMIT_LOC_STRINGS = YES;
				SWIFT_VERSION = 5.0;
				TARGETED_DEVICE_FAMILY = "1,2";
			};
			name = Release;
		};
/* End XCBuildConfiguration section */

/* Begin XCConfigurationList section */
		31A28A9527D14B980032DD41 /* Build configuration list for PBXProject "incrementalBoi" */ = {
			isa = XCConfigurationList;
			buildConfigurations = (
				31A28AAC27D14B9A0032DD41 /* Debug */,
				31A28AAD27D14B9A0032DD41 /* Release */,
			);
			defaultConfigurationIsVisible = 0;
			defaultConfigurationName = Release;
		};
		31A28AAE27D14B9A0032DD41 /* Build configuration list for PBXNativeTarget "incrementalBoi" */ = {
			isa = XCConfigurationList;
			buildConfigurations = (
				31A28AAF27D14B9A0032DD41 /* Debug */,
				31A28AB027D14B9A0032DD41 /* Release */,
			);
			defaultConfigurationIsVisible = 0;
			defaultConfigurationName = Release;
		};
/* End XCConfigurationList section */
	};
	rootObject = 31A28A9227D14B980032DD41 /* Project object */;
}
